
Microsoft Visual Studio Solution File, Format Version 12.00
# Visual Studio Version 16
VisualStudioVersion = 16.0.30621.155
MinimumVisualStudioVersion = 10.0.40219.1
Project("{FAE04EC0-301F-11D3-BF4B-00C04F79EFBC}") = "DataAccess", "DataAccess\DataAccess.csproj", "{EA586732-1E2F-4030-BD9E-4826C23D7783}"
EndProject
Project("{FAE04EC0-301F-11D3-BF4B-00C04F79EFBC}") = "Business", "Business\Business.csproj", "{9435C1B2-F94C-4DA0-A35E-697A27B32C5B}"
EndProject
Project("{FAE04EC0-301F-11D3-BF4B-00C04F79EFBC}") = "Entities", "Entities\Entities.csproj", "{3E8F0EDD-A215-4E3F-AAD7-391F06AA529E}"
EndProject
Project("{FAE04EC0-301F-11D3-BF4B-00C04F79EFBC}") = "ConsoleUI", "ConsoleUI\ConsoleUI.csproj", "{A013A9C0-95AD-485B-9AF9-CF29E952A526}"
EndProject
Global
	GlobalSection(SolutionConfigurationPlatforms) = preSolution
		Debug|Any CPU = Debug|Any CPU
		Release|Any CPU = Release|Any CPU
	EndGlobalSection
	GlobalSection(ProjectConfigurationPlatforms) = postSolution
		{EA586732-1E2F-4030-BD9E-4826C23D7783}.Debug|Any CPU.ActiveCfg = Debug|Any CPU
		{EA586732-1E2F-4030-BD9E-4826C23D7783}.Debug|Any CPU.Build.0 = Debug|Any CPU
		{EA586732-1E2F-4030-BD9E-4826C23D7783}.Release|Any CPU.ActiveCfg = Release|Any CPU
		{EA586732-1E2F-4030-BD9E-4826C23D7783}.Release|Any CPU.Build.0 = Release|Any CPU
		{9435C1B2-F94C-4DA0-A35E-697A27B32C5B}.Debug|Any CPU.ActiveCfg = Debug|Any CPU
		{9435C1B2-F94C-4DA0-A35E-697A27B32C5B}.Debug|Any CPU.Build.0 = Debug|Any CPU
		{9435C1B2-F94C-4DA0-A35E-697A27B32C5B}.Release|Any CPU.ActiveCfg = Release|Any CPU
		{9435C1B2-F94C-4DA0-A35E-697A27B32C5B}.Release|Any CPU.Build.0 = Release|Any CPU
		{3E8F0EDD-A215-4E3F-AAD7-391F06AA529E}.Debug|Any CPU.ActiveCfg = Debug|Any CPU
		{3E8F0EDD-A215-4E3F-AAD7-391F06AA529E}.Debug|Any CPU.Build.0 = Debug|Any CPU
		{3E8F0EDD-A215-4E3F-AAD7-391F06AA529E}.Release|Any CPU.ActiveCfg = Release|Any CPU
		{3E8F0EDD-A215-4E3F-AAD7-391F06AA529E}.Release|Any CPU.Build.0 = Release|Any CPU
		{A013A9C0-95AD-485B-9AF9-CF29E952A526}.Debug|Any CPU.ActiveCfg = Debug|Any CPU
		{A013A9C0-95AD-485B-9AF9-CF29E952A526}.Debug|Any CPU.Build.0 = Debug|Any CPU
		{A013A9C0-95AD-485B-9AF9-CF29E952A526}.Release|Any CPU.ActiveCfg = Release|Any CPU
		{A013A9C0-95AD-485B-9AF9-CF29E952A526}.Release|Any CPU.Build.0 = Release|Any CPU
	EndGlobalSection
	GlobalSection(SolutionProperties) = preSolution
		HideSolutionNode = FALSE
	EndGlobalSection
	GlobalSection(ExtensibilityGlobals) = postSolution
		SolutionGuid = {159A7FFA-A72A-4509-9C03-685600CF612B}
	EndGlobalSection
EndGlobal
